
Microsoft Visual Studio Solution File, Format Version 12.00
# Visual Studio Version 16
VisualStudioVersion = 16.0.35325.158
MinimumVisualStudioVersion = 10.0.40219.1
Project("{FAE04EC0-301F-11D3-BF4B-00C04F79EFBC}") = "NQHuy-Project2-2210900105", "NQHuy-Project2-2210900105\NQHuy-Project2-2210900105.csproj", "{1BE8386A-242D-4339-985F-F7093C2273CE}"
EndProject
Global
	GlobalSection(SolutionConfigurationPlatforms) = preSolution
		Debug|Any CPU = Debug|Any CPU
		Release|Any CPU = Release|Any CPU
	EndGlobalSection
	GlobalSection(ProjectConfigurationPlatforms) = postSolution
		{1BE8386A-242D-4339-985F-F7093C2273CE}.Debug|Any CPU.ActiveCfg = Debug|Any CPU
		{1BE8386A-242D-4339-985F-F7093C2273CE}.Debug|Any CPU.Build.0 = Debug|Any CPU
		{1BE8386A-242D-4339-985F-F7093C2273CE}.Release|Any CPU.ActiveCfg = Release|Any CPU
		{1BE8386A-242D-4339-985F-F7093C2273CE}.Release|Any CPU.Build.0 = Release|Any CPU
	EndGlobalSection
	GlobalSection(SolutionProperties) = preSolution
		HideSolutionNode = FALSE
	EndGlobalSection
	GlobalSection(ExtensibilityGlobals) = postSolution
		SolutionGuid = {97527940-729A-48A3-AA6E-D1F497FB4ACA}
	EndGlobalSection
EndGlobal
